{
    "version": 3,
    "terraform_version": "0.11.3",
    "serial": 2,
    "lineage": "5ef4df5c-fddf-4688-89ff-7c2291cfce87",
    "modules": [
        {
            "path": [
                "root"
            ],
            "outputs": {},
            "resources": {},
            "depends_on": []
        },
        {
            "path": [
                "root",
                "dev",
                "uksouth"
            ],
            "outputs": {
                "app_insights_app_id": {
                    "sensitive": false,
                    "type": "string",
                    "value": "eeb59ee6-64c1-4540-a015-580b5a2334df"
                },
                "app_insights_key": {
                    "sensitive": false,
                    "type": "string",
                    "value": "31ee417c-608a-4a81-936b-1821d1595c74"
                },
                "storage_key": {
                    "sensitive": false,
                    "type": "string",
                    "value": "W+MvAZsDxT2XYPg4p8X8RbKrGHUOdHlHQm5U0Goo/wiDCPBtgrFsVrxBH8gSFMjVwjkQNUe03vKEaqhu4/fLKw=="
                },
                "storage_name": {
                    "sensitive": false,
                    "type": "string",
                    "value": "amidoukscb170"
                }
            },
            "resources": {
                "azurerm_application_insights.dev": {
                    "type": "azurerm_application_insights",
                    "depends_on": [
                        "azurerm_resource_group.dev"
                    ],
                    "primary": {
                        "id": "/subscriptions/5de84f32-f1f5-42ff-a0c4-feb08152922d/resourceGroups/amido-uks-cb170-rg-bot-dev/providers/microsoft.insights/components/amido-uks-cb170-appinsight-bot-dev",
                        "attributes": {
                            "app_id": "eeb59ee6-64c1-4540-a015-580b5a2334df",
                            "application_type": "Web",
                            "id": "/subscriptions/5de84f32-f1f5-42ff-a0c4-feb08152922d/resourceGroups/amido-uks-cb170-rg-bot-dev/providers/microsoft.insights/components/amido-uks-cb170-appinsight-bot-dev",
                            "instrumentation_key": "31ee417c-608a-4a81-936b-1821d1595c74",
                            "location": "westeurope",
                            "name": "amido-uks-cb170-appinsight-bot-dev",
                            "resource_group_name": "amido-uks-cb170-rg-bot-dev",
                            "tags.%": "0"
                        },
                        "meta": {},
                        "tainted": false
                    },
                    "deposed": [],
                    "provider": "provider.azurerm"
                },
                "azurerm_key_vault.dev": {
                    "type": "azurerm_key_vault",
                    "depends_on": [
                        "azurerm_resource_group.dev"
                    ],
                    "primary": {
                        "id": "/subscriptions/5de84f32-f1f5-42ff-a0c4-feb08152922d/resourceGroups/amido-uks-cb170-rg-bot-dev/providers/Microsoft.KeyVault/vaults/amido-uks-cb170-kv-dev",
                        "attributes": {
                            "access_policy.#": "1",
                            "access_policy.0.application_id": "",
                            "access_policy.0.certificate_permissions.#": "0",
                            "access_policy.0.key_permissions.#": "0",
                            "access_policy.0.object_id": "192a13e7-fa31-4ee1-9e1a-f7c46c9a82b6",
                            "access_policy.0.secret_permissions.#": "1",
                            "access_policy.0.secret_permissions.0": "get",
                            "access_policy.0.tenant_id": "9826f1da-56b0-4a4e-a8b3-9e1fa7a17cf7",
                            "enabled_for_deployment": "false",
                            "enabled_for_disk_encryption": "false",
                            "enabled_for_template_deployment": "false",
                            "id": "/subscriptions/5de84f32-f1f5-42ff-a0c4-feb08152922d/resourceGroups/amido-uks-cb170-rg-bot-dev/providers/Microsoft.KeyVault/vaults/amido-uks-cb170-kv-dev",
                            "location": "uksouth",
                            "name": "amido-uks-cb170-kv-dev",
                            "resource_group_name": "amido-uks-cb170-rg-bot-dev",
                            "sku.#": "1",
                            "sku.0.name": "standard",
                            "tags.%": "1",
                            "tags.environment": "Development",
                            "tenant_id": "9826f1da-56b0-4a4e-a8b3-9e1fa7a17cf7",
                            "vault_uri": "https://amido-uks-cb170-kv-dev.vault.azure.net/"
                        },
                        "meta": {
                            "schema_version": "1"
                        },
                        "tainted": false
                    },
                    "deposed": [],
                    "provider": "provider.azurerm"
                },
                "azurerm_resource_group.dev": {
                    "type": "azurerm_resource_group",
                    "depends_on": [],
                    "primary": {
                        "id": "/subscriptions/5de84f32-f1f5-42ff-a0c4-feb08152922d/resourceGroups/amido-uks-cb170-rg-bot-dev",
                        "attributes": {
                            "id": "/subscriptions/5de84f32-f1f5-42ff-a0c4-feb08152922d/resourceGroups/amido-uks-cb170-rg-bot-dev",
                            "location": "uksouth",
                            "name": "amido-uks-cb170-rg-bot-dev",
                            "tags.%": "1",
                            "tags.environment": "Development"
                        },
                        "meta": {},
                        "tainted": false
                    },
                    "deposed": [],
                    "provider": "provider.azurerm"
                },
                "azurerm_storage_account.dev": {
                    "type": "azurerm_storage_account",
                    "depends_on": [
                        "azurerm_resource_group.dev"
                    ],
                    "primary": {
                        "id": "/subscriptions/5de84f32-f1f5-42ff-a0c4-feb08152922d/resourceGroups/amido-uks-cb170-rg-bot-dev/providers/Microsoft.Storage/storageAccounts/amidoukscb170",
                        "attributes": {
                            "access_tier": "",
                            "account_encryption_source": "Microsoft.Storage",
                            "account_kind": "Storage",
                            "account_replication_type": "GRS",
                            "account_tier": "Standard",
                            "account_type": "Standard_GRS",
                            "enable_blob_encryption": "true",
                            "enable_file_encryption": "true",
                            "enable_https_traffic_only": "false",
                            "id": "/subscriptions/5de84f32-f1f5-42ff-a0c4-feb08152922d/resourceGroups/amido-uks-cb170-rg-bot-dev/providers/Microsoft.Storage/storageAccounts/amidoukscb170",
                            "location": "uksouth",
                            "name": "amidoukscb170",
                            "primary_access_key": "W+MvAZsDxT2XYPg4p8X8RbKrGHUOdHlHQm5U0Goo/wiDCPBtgrFsVrxBH8gSFMjVwjkQNUe03vKEaqhu4/fLKw==",
                            "primary_blob_connection_string": "DefaultEndpointsProtocol=https;BlobEndpoint=https://amidoukscb170.blob.core.windows.net/;AccountName=amidoukscb170;AccountKey=W+MvAZsDxT2XYPg4p8X8RbKrGHUOdHlHQm5U0Goo/wiDCPBtgrFsVrxBH8gSFMjVwjkQNUe03vKEaqhu4/fLKw==",
                            "primary_blob_endpoint": "https://amidoukscb170.blob.core.windows.net/",
                            "primary_connection_string": "DefaultEndpointsProtocol=https;AccountName=amidoukscb170;AccountKey=W+MvAZsDxT2XYPg4p8X8RbKrGHUOdHlHQm5U0Goo/wiDCPBtgrFsVrxBH8gSFMjVwjkQNUe03vKEaqhu4/fLKw==;EndpointSuffix=core.windows.net",
                            "primary_file_endpoint": "https://amidoukscb170.file.core.windows.net/",
                            "primary_location": "uksouth",
                            "primary_queue_endpoint": "https://amidoukscb170.queue.core.windows.net/",
                            "primary_table_endpoint": "https://amidoukscb170.table.core.windows.net/",
                            "resource_group_name": "amido-uks-cb170-rg-bot-dev",
                            "secondary_access_key": "Zb1nIL6eY7QuNsdaypELmuDBsMC4CzwXad5/4paegwmiBULe6ZYCqYhadV4w0kbCARMyiLKtvFwgnIe5I4xeLw==",
                            "secondary_connection_string": "DefaultEndpointsProtocol=https;AccountName=amidoukscb170;AccountKey=Zb1nIL6eY7QuNsdaypELmuDBsMC4CzwXad5/4paegwmiBULe6ZYCqYhadV4w0kbCARMyiLKtvFwgnIe5I4xeLw==;EndpointSuffix=core.windows.net",
                            "secondary_location": "ukwest",
                            "tags.%": "1",
                            "tags.environment": "Development"
                        },
                        "meta": {
                            "schema_version": "2"
                        },
                        "tainted": false
                    },
                    "deposed": [],
                    "provider": "provider.azurerm"
                },
                "azurerm_storage_table.dev": {
                    "type": "azurerm_storage_table",
                    "depends_on": [
                        "azurerm_resource_group.dev",
                        "azurerm_storage_account.dev"
                    ],
                    "primary": {
                        "id": "dev",
                        "attributes": {
                            "id": "dev",
                            "name": "dev",
                            "resource_group_name": "amido-uks-cb170-rg-bot-dev",
                            "storage_account_name": "amidoukscb170"
                        },
                        "meta": {},
                        "tainted": false
                    },
                    "deposed": [],
                    "provider": "provider.azurerm"
                }
            },
            "depends_on": []
        }
    ]
}
